
Microsoft Visual Studio Solution File, Format Version 12.00
# Visual Studio Version 16
VisualStudioVersion = 16.0.30225.117
MinimumVisualStudioVersion = 10.0.40219.1
Project("{FAE04EC0-301F-11D3-BF4B-00C04F79EFBC}") = "saker_Winform", "saker_Winform\saker_Winform.csproj", "{3399DDDE-343C-4C43-9819-1C5E2B38FB3E}"
	ProjectSection(ProjectDependencies) = postProject
		{936EC24B-AAC7-4291-9847-0219F93E41C7} = {936EC24B-AAC7-4291-9847-0219F93E41C7}
	EndProjectSection
EndProject
Project("{FAE04EC0-301F-11D3-BF4B-00C04F79EFBC}") = "ClassLibrary_Communication", "ClassLibrary Communication\ClassLibrary_Communication.csproj", "{936EC24B-AAC7-4291-9847-0219F93E41C7}"
EndProject
Project("{FAE04EC0-301F-11D3-BF4B-00C04F79EFBC}") = "ClassLibrary_WfmDataProcess", "ClassLibrary_WfmDataProcess\ClassLibrary_WfmDataProcess.csproj", "{DCB1D0B5-1141-4179-8760-407F4FB53077}"
EndProject
Project("{FAE04EC0-301F-11D3-BF4B-00C04F79EFBC}") = "ClassLibrary_SocketServer", "ClassLibrary_SocketServer\ClassLibrary_SocketServer.csproj", "{EB622BCC-2648-4D96-A170-5CB6733C1B56}"
EndProject
Project("{FAE04EC0-301F-11D3-BF4B-00C04F79EFBC}") = "ClassLibrary_SocketClient", "ClassLibrary_SocketClient\ClassLibrary_SocketClient.csproj", "{515AE15F-84B8-4191-940C-A3AF670F73F9}"
EndProject
Project("{FAE04EC0-301F-11D3-BF4B-00C04F79EFBC}") = "ClassLibrary_ThreadManage", "ClassLibrary_ThreadManage\ClassLibrary_ThreadManage.csproj", "{59C8BD7F-4183-403C-83DD-0FD362008904}"
EndProject
Project("{8BC9CEB8-8B4A-11D0-8D11-00A0C91BC942}") = "insert and sample", "insert and sample\insert and sample.vcxproj", "{787DB909-0025-4969-B4CD-01434BACB7A2}"
EndProject
Project("{8BC9CEB8-8B4A-11D0-8D11-00A0C91BC942}") = "device config service", "device config service\device config service.vcxproj", "{ED72ABD4-0EE3-46A6-A861-6723E80B5A7F}"
EndProject
Project("{8BC9CEB8-8B4A-11D0-8D11-00A0C91BC942}") = "device recv service", "device recv service\device recv service.vcxproj", "{961F2588-2873-4988-8DC2-9C6BC0544894}"
EndProject
Project("{54435603-DBB4-11D2-8724-00A0C9A8B90C}") = "Saker_Step", "Saker_Step\Saker_Step.vdproj", "{54324409-809D-441B-AF86-BC96E0093ED7}"
EndProject
Project("{FAE04EC0-301F-11D3-BF4B-00C04F79EFBC}") = "ClassLibrary_MultiLanguage", "ClassLibrary_MultiLanguage\ClassLibrary_MultiLanguage.csproj", "{9D98428C-3189-4328-B422-00BD3EDD38B5}"
EndProject
Global
	GlobalSection(SolutionConfigurationPlatforms) = preSolution
		Debug|Any CPU = Debug|Any CPU
		Debug|ARM = Debug|ARM
		Debug|Mixed Platforms = Debug|Mixed Platforms
		Debug|Win32 = Debug|Win32
		Debug|x64 = Debug|x64
		Debug|x86 = Debug|x86
		Release|Any CPU = Release|Any CPU
		Release|ARM = Release|ARM
		Release|Mixed Platforms = Release|Mixed Platforms
		Release|Win32 = Release|Win32
		Release|x64 = Release|x64
		Release|x86 = Release|x86
	EndGlobalSection
	GlobalSection(ProjectConfigurationPlatforms) = postSolution
		{3399DDDE-343C-4C43-9819-1C5E2B38FB3E}.Debug|Any CPU.ActiveCfg = Debug|Any CPU
		{3399DDDE-343C-4C43-9819-1C5E2B38FB3E}.Debug|Any CPU.Build.0 = Debug|Any CPU
		{3399DDDE-343C-4C43-9819-1C5E2B38FB3E}.Debug|ARM.ActiveCfg = Debug|Any CPU
		{3399DDDE-343C-4C43-9819-1C5E2B38FB3E}.Debug|Mixed Platforms.ActiveCfg = Debug|Any CPU
		{3399DDDE-343C-4C43-9819-1C5E2B38FB3E}.Debug|Mixed Platforms.Build.0 = Debug|Any CPU
		{3399DDDE-343C-4C43-9819-1C5E2B38FB3E}.Debug|Win32.ActiveCfg = Debug|Any CPU
		{3399DDDE-343C-4C43-9819-1C5E2B38FB3E}.Debug|x64.ActiveCfg = Debug|Any CPU
		{3399DDDE-343C-4C43-9819-1C5E2B38FB3E}.Debug|x64.Build.0 = Debug|Any CPU
		{3399DDDE-343C-4C43-9819-1C5E2B38FB3E}.Debug|x86.ActiveCfg = Debug|Any CPU
		{3399DDDE-343C-4C43-9819-1C5E2B38FB3E}.Debug|x86.Build.0 = Debug|Any CPU
		{3399DDDE-343C-4C43-9819-1C5E2B38FB3E}.Release|Any CPU.ActiveCfg = Release|Any CPU
		{3399DDDE-343C-4C43-9819-1C5E2B38FB3E}.Release|Any CPU.Build.0 = Release|Any CPU
		{3399DDDE-343C-4C43-9819-1C5E2B38FB3E}.Release|ARM.ActiveCfg = Release|Any CPU
		{3399DDDE-343C-4C43-9819-1C5E2B38FB3E}.Release|Mixed Platforms.ActiveCfg = Release|Any CPU
		{3399DDDE-343C-4C43-9819-1C5E2B38FB3E}.Release|Mixed Platforms.Build.0 = Release|Any CPU
		{3399DDDE-343C-4C43-9819-1C5E2B38FB3E}.Release|Win32.ActiveCfg = Release|Any CPU
		{3399DDDE-343C-4C43-9819-1C5E2B38FB3E}.Release|x64.ActiveCfg = Release|x64
		{3399DDDE-343C-4C43-9819-1C5E2B38FB3E}.Release|x64.Build.0 = Release|x64
		{3399DDDE-343C-4C43-9819-1C5E2B38FB3E}.Release|x86.ActiveCfg = Release|Any CPU
		{3399DDDE-343C-4C43-9819-1C5E2B38FB3E}.Release|x86.Build.0 = Release|Any CPU
		{936EC24B-AAC7-4291-9847-0219F93E41C7}.Debug|Any CPU.ActiveCfg = Debug|Any CPU
		{936EC24B-AAC7-4291-9847-0219F93E41C7}.Debug|Any CPU.Build.0 = Debug|Any CPU
		{936EC24B-AAC7-4291-9847-0219F93E41C7}.Debug|ARM.ActiveCfg = Debug|Any CPU
		{936EC24B-AAC7-4291-9847-0219F93E41C7}.Debug|Mixed Platforms.ActiveCfg = Debug|Any CPU
		{936EC24B-AAC7-4291-9847-0219F93E41C7}.Debug|Mixed Platforms.Build.0 = Debug|Any CPU
		{936EC24B-AAC7-4291-9847-0219F93E41C7}.Debug|Win32.ActiveCfg = Debug|Any CPU
		{936EC24B-AAC7-4291-9847-0219F93E41C7}.Debug|x64.ActiveCfg = Debug|Any CPU
		{936EC24B-AAC7-4291-9847-0219F93E41C7}.Debug|x86.ActiveCfg = Debug|Any CPU
		{936EC24B-AAC7-4291-9847-0219F93E41C7}.Debug|x86.Build.0 = Debug|Any CPU
		{936EC24B-AAC7-4291-9847-0219F93E41C7}.Release|Any CPU.ActiveCfg = Release|Any CPU
		{936EC24B-AAC7-4291-9847-0219F93E41C7}.Release|Any CPU.Build.0 = Release|Any CPU
		{936EC24B-AAC7-4291-9847-0219F93E41C7}.Release|ARM.ActiveCfg = Release|Any CPU
		{936EC24B-AAC7-4291-9847-0219F93E41C7}.Release|Mixed Platforms.ActiveCfg = Release|Any CPU
		{936EC24B-AAC7-4291-9847-0219F93E41C7}.Release|Mixed Platforms.Build.0 = Release|Any CPU
		{936EC24B-AAC7-4291-9847-0219F93E41C7}.Release|Win32.ActiveCfg = Release|Any CPU
		{936EC24B-AAC7-4291-9847-0219F93E41C7}.Release|x64.ActiveCfg = Release|Any CPU
		{936EC24B-AAC7-4291-9847-0219F93E41C7}.Release|x86.ActiveCfg = Release|Any CPU
		{936EC24B-AAC7-4291-9847-0219F93E41C7}.Release|x86.Build.0 = Release|Any CPU
		{DCB1D0B5-1141-4179-8760-407F4FB53077}.Debug|Any CPU.ActiveCfg = Debug|Any CPU
		{DCB1D0B5-1141-4179-8760-407F4FB53077}.Debug|Any CPU.Build.0 = Debug|Any CPU
		{DCB1D0B5-1141-4179-8760-407F4FB53077}.Debug|ARM.ActiveCfg = Debug|Any CPU
		{DCB1D0B5-1141-4179-8760-407F4FB53077}.Debug|Mixed Platforms.ActiveCfg = Debug|Any CPU
		{DCB1D0B5-1141-4179-8760-407F4FB53077}.Debug|Mixed Platforms.Build.0 = Debug|Any CPU
		{DCB1D0B5-1141-4179-8760-407F4FB53077}.Debug|Win32.ActiveCfg = Debug|Any CPU
		{DCB1D0B5-1141-4179-8760-407F4FB53077}.Debug|x64.ActiveCfg = Debug|Any CPU
		{DCB1D0B5-1141-4179-8760-407F4FB53077}.Debug|x86.ActiveCfg = Debug|Any CPU
		{DCB1D0B5-1141-4179-8760-407F4FB53077}.Debug|x86.Build.0 = Debug|Any CPU
		{DCB1D0B5-1141-4179-8760-407F4FB53077}.Release|Any CPU.ActiveCfg = Release|Any CPU
		{DCB1D0B5-1141-4179-8760-407F4FB53077}.Release|Any CPU.Build.0 = Release|Any CPU
		{DCB1D0B5-1141-4179-8760-407F4FB53077}.Release|ARM.ActiveCfg = Release|Any CPU
		{DCB1D0B5-1141-4179-8760-407F4FB53077}.Release|Mixed Platforms.ActiveCfg = Release|Any CPU
		{DCB1D0B5-1141-4179-8760-407F4FB53077}.Release|Mixed Platforms.Build.0 = Release|Any CPU
		{DCB1D0B5-1141-4179-8760-407F4FB53077}.Release|Win32.ActiveCfg = Release|Any CPU
		{DCB1D0B5-1141-4179-8760-407F4FB53077}.Release|x64.ActiveCfg = Release|Any CPU
		{DCB1D0B5-1141-4179-8760-407F4FB53077}.Release|x86.ActiveCfg = Release|Any CPU
		{DCB1D0B5-1141-4179-8760-407F4FB53077}.Release|x86.Build.0 = Release|Any CPU
		{EB622BCC-2648-4D96-A170-5CB6733C1B56}.Debug|Any CPU.ActiveCfg = Debug|Any CPU
		{EB622BCC-2648-4D96-A170-5CB6733C1B56}.Debug|Any CPU.Build.0 = Debug|Any CPU
		{EB622BCC-2648-4D96-A170-5CB6733C1B56}.Debug|ARM.ActiveCfg = Debug|Any CPU
		{EB622BCC-2648-4D96-A170-5CB6733C1B56}.Debug|Mixed Platforms.ActiveCfg = Debug|Any CPU
		{EB622BCC-2648-4D96-A170-5CB6733C1B56}.Debug|Mixed Platforms.Build.0 = Debug|Any CPU
		{EB622BCC-2648-4D96-A170-5CB6733C1B56}.Debug|Win32.ActiveCfg = Debug|Any CPU
		{EB622BCC-2648-4D96-A170-5CB6733C1B56}.Debug|x64.ActiveCfg = Debug|Any CPU
		{EB622BCC-2648-4D96-A170-5CB6733C1B56}.Debug|x86.ActiveCfg = Debug|Any CPU
		{EB622BCC-2648-4D96-A170-5CB6733C1B56}.Debug|x86.Build.0 = Debug|Any CPU
		{EB622BCC-2648-4D96-A170-5CB6733C1B56}.Release|Any CPU.ActiveCfg = Release|Any CPU
		{EB622BCC-2648-4D96-A170-5CB6733C1B56}.Release|Any CPU.Build.0 = Release|Any CPU
		{EB622BCC-2648-4D96-A170-5CB6733C1B56}.Release|ARM.ActiveCfg = Release|Any CPU
		{EB622BCC-2648-4D96-A170-5CB6733C1B56}.Release|Mixed Platforms.ActiveCfg = Release|Any CPU
		{EB622BCC-2648-4D96-A170-5CB6733C1B56}.Release|Mixed Platforms.Build.0 = Release|Any CPU
		{EB622BCC-2648-4D96-A170-5CB6733C1B56}.Release|Win32.ActiveCfg = Release|Any CPU
		{EB622BCC-2648-4D96-A170-5CB6733C1B56}.Release|x64.ActiveCfg = Release|Any CPU
		{EB622BCC-2648-4D96-A170-5CB6733C1B56}.Release|x86.ActiveCfg = Release|Any CPU
		{EB622BCC-2648-4D96-A170-5CB6733C1B56}.Release|x86.Build.0 = Release|Any CPU
		{515AE15F-84B8-4191-940C-A3AF670F73F9}.Debug|Any CPU.ActiveCfg = Debug|Any CPU
		{515AE15F-84B8-4191-940C-A3AF670F73F9}.Debug|Any CPU.Build.0 = Debug|Any CPU
		{515AE15F-84B8-4191-940C-A3AF670F73F9}.Debug|ARM.ActiveCfg = Debug|Any CPU
		{515AE15F-84B8-4191-940C-A3AF670F73F9}.Debug|Mixed Platforms.ActiveCfg = Debug|Any CPU
		{515AE15F-84B8-4191-940C-A3AF670F73F9}.Debug|Mixed Platforms.Build.0 = Debug|Any CPU
		{515AE15F-84B8-4191-940C-A3AF670F73F9}.Debug|Win32.ActiveCfg = Debug|Any CPU
		{515AE15F-84B8-4191-940C-A3AF670F73F9}.Debug|x64.ActiveCfg = Debug|Any CPU
		{515AE15F-84B8-4191-940C-A3AF670F73F9}.Debug|x86.ActiveCfg = Debug|Any CPU
		{515AE15F-84B8-4191-940C-A3AF670F73F9}.Debug|x86.Build.0 = Debug|Any CPU
		{515AE15F-84B8-4191-940C-A3AF670F73F9}.Release|Any CPU.ActiveCfg = Release|Any CPU
		{515AE15F-84B8-4191-940C-A3AF670F73F9}.Release|Any CPU.Build.0 = Release|Any CPU
		{515AE15F-84B8-4191-940C-A3AF670F73F9}.Release|ARM.ActiveCfg = Release|Any CPU
		{515AE15F-84B8-4191-940C-A3AF670F73F9}.Release|Mixed Platforms.ActiveCfg = Release|Any CPU
		{515AE15F-84B8-4191-940C-A3AF670F73F9}.Release|Mixed Platforms.Build.0 = Release|Any CPU
		{515AE15F-84B8-4191-940C-A3AF670F73F9}.Release|Win32.ActiveCfg = Release|Any CPU
		{515AE15F-84B8-4191-940C-A3AF670F73F9}.Release|x64.ActiveCfg = Release|Any CPU
		{515AE15F-84B8-4191-940C-A3AF670F73F9}.Release|x86.ActiveCfg = Release|Any CPU
		{515AE15F-84B8-4191-940C-A3AF670F73F9}.Release|x86.Build.0 = Release|Any CPU
		{59C8BD7F-4183-403C-83DD-0FD362008904}.Debug|Any CPU.ActiveCfg = Debug|Any CPU
		{59C8BD7F-4183-403C-83DD-0FD362008904}.Debug|Any CPU.Build.0 = Debug|Any CPU
		{59C8BD7F-4183-403C-83DD-0FD362008904}.Debug|ARM.ActiveCfg = Debug|Any CPU
		{59C8BD7F-4183-403C-83DD-0FD362008904}.Debug|Mixed Platforms.ActiveCfg = Debug|Any CPU
		{59C8BD7F-4183-403C-83DD-0FD362008904}.Debug|Mixed Platforms.Build.0 = Debug|Any CPU
		{59C8BD7F-4183-403C-83DD-0FD362008904}.Debug|Win32.ActiveCfg = Debug|Any CPU
		{59C8BD7F-4183-403C-83DD-0FD362008904}.Debug|x64.ActiveCfg = Debug|Any CPU
		{59C8BD7F-4183-403C-83DD-0FD362008904}.Debug|x86.ActiveCfg = Debug|Any CPU
		{59C8BD7F-4183-403C-83DD-0FD362008904}.Debug|x86.Build.0 = Debug|Any CPU
		{59C8BD7F-4183-403C-83DD-0FD362008904}.Release|Any CPU.ActiveCfg = Release|Any CPU
		{59C8BD7F-4183-403C-83DD-0FD362008904}.Release|Any CPU.Build.0 = Release|Any CPU
		{59C8BD7F-4183-403C-83DD-0FD362008904}.Release|ARM.ActiveCfg = Release|Any CPU
		{59C8BD7F-4183-403C-83DD-0FD362008904}.Release|Mixed Platforms.ActiveCfg = Release|Any CPU
		{59C8BD7F-4183-403C-83DD-0FD362008904}.Release|Mixed Platforms.Build.0 = Release|Any CPU
		{59C8BD7F-4183-403C-83DD-0FD362008904}.Release|Win32.ActiveCfg = Release|Any CPU
		{59C8BD7F-4183-403C-83DD-0FD362008904}.Release|x64.ActiveCfg = Release|Any CPU
		{59C8BD7F-4183-403C-83DD-0FD362008904}.Release|x86.ActiveCfg = Release|Any CPU
		{59C8BD7F-4183-403C-83DD-0FD362008904}.Release|x86.Build.0 = Release|Any CPU
		{787DB909-0025-4969-B4CD-01434BACB7A2}.Debug|Any CPU.ActiveCfg = Debug|x64
		{787DB909-0025-4969-B4CD-01434BACB7A2}.Debug|Any CPU.Build.0 = Debug|x64
		{787DB909-0025-4969-B4CD-01434BACB7A2}.Debug|ARM.ActiveCfg = Debug|Win32
		{787DB909-0025-4969-B4CD-01434BACB7A2}.Debug|Mixed Platforms.ActiveCfg = Debug|Win32
		{787DB909-0025-4969-B4CD-01434BACB7A2}.Debug|Mixed Platforms.Build.0 = Debug|Win32
		{787DB909-0025-4969-B4CD-01434BACB7A2}.Debug|Win32.ActiveCfg = Debug|Win32
		{787DB909-0025-4969-B4CD-01434BACB7A2}.Debug|Win32.Build.0 = Debug|Win32
		{787DB909-0025-4969-B4CD-01434BACB7A2}.Debug|x64.ActiveCfg = Debug|x64
		{787DB909-0025-4969-B4CD-01434BACB7A2}.Debug|x64.Build.0 = Debug|x64
		{787DB909-0025-4969-B4CD-01434BACB7A2}.Debug|x86.ActiveCfg = Debug|Win32
		{787DB909-0025-4969-B4CD-01434BACB7A2}.Debug|x86.Build.0 = Debug|Win32
		{787DB909-0025-4969-B4CD-01434BACB7A2}.Release|Any CPU.ActiveCfg = Release|Win32
		{787DB909-0025-4969-B4CD-01434BACB7A2}.Release|ARM.ActiveCfg = Release|Win32
		{787DB909-0025-4969-B4CD-01434BACB7A2}.Release|Mixed Platforms.ActiveCfg = Release|Win32
		{787DB909-0025-4969-B4CD-01434BACB7A2}.Release|Mixed Platforms.Build.0 = Release|Win32
		{787DB909-0025-4969-B4CD-01434BACB7A2}.Release|Win32.ActiveCfg = Release|Win32
		{787DB909-0025-4969-B4CD-01434BACB7A2}.Release|Win32.Build.0 = Release|Win32
		{787DB909-0025-4969-B4CD-01434BACB7A2}.Release|x64.ActiveCfg = Release|x64
		{787DB909-0025-4969-B4CD-01434BACB7A2}.Release|x64.Build.0 = Release|x64
		{787DB909-0025-4969-B4CD-01434BACB7A2}.Release|x86.ActiveCfg = Release|Win32
		{787DB909-0025-4969-B4CD-01434BACB7A2}.Release|x86.Build.0 = Release|Win32
		{ED72ABD4-0EE3-46A6-A861-6723E80B5A7F}.Debug|Any CPU.ActiveCfg = Debug|x64
		{ED72ABD4-0EE3-46A6-A861-6723E80B5A7F}.Debug|Any CPU.Build.0 = Debug|x64
		{ED72ABD4-0EE3-46A6-A861-6723E80B5A7F}.Debug|ARM.ActiveCfg = Debug|Win32
		{ED72ABD4-0EE3-46A6-A861-6723E80B5A7F}.Debug|Mixed Platforms.ActiveCfg = Debug|Win32
		{ED72ABD4-0EE3-46A6-A861-6723E80B5A7F}.Debug|Mixed Platforms.Build.0 = Debug|Win32
		{ED72ABD4-0EE3-46A6-A861-6723E80B5A7F}.Debug|Win32.ActiveCfg = Debug|Win32
		{ED72ABD4-0EE3-46A6-A861-6723E80B5A7F}.Debug|x64.ActiveCfg = Debug|x64
		{ED72ABD4-0EE3-46A6-A861-6723E80B5A7F}.Debug|x64.Build.0 = Debug|x64
		{ED72ABD4-0EE3-46A6-A861-6723E80B5A7F}.Debug|x86.ActiveCfg = Debug|Win32
		{ED72ABD4-0EE3-46A6-A861-6723E80B5A7F}.Debug|x86.Build.0 = Debug|Win32
		{ED72ABD4-0EE3-46A6-A861-6723E80B5A7F}.Release|Any CPU.ActiveCfg = Release|Win32
		{ED72ABD4-0EE3-46A6-A861-6723E80B5A7F}.Release|ARM.ActiveCfg = Release|Win32
		{ED72ABD4-0EE3-46A6-A861-6723E80B5A7F}.Release|Mixed Platforms.ActiveCfg = Release|Win32
		{ED72ABD4-0EE3-46A6-A861-6723E80B5A7F}.Release|Mixed Platforms.Build.0 = Release|Win32
		{ED72ABD4-0EE3-46A6-A861-6723E80B5A7F}.Release|Win32.ActiveCfg = Release|Win32
		{ED72ABD4-0EE3-46A6-A861-6723E80B5A7F}.Release|x64.ActiveCfg = Release|x64
		{ED72ABD4-0EE3-46A6-A861-6723E80B5A7F}.Release|x64.Build.0 = Release|x64
		{ED72ABD4-0EE3-46A6-A861-6723E80B5A7F}.Release|x86.ActiveCfg = Release|Win32
		{ED72ABD4-0EE3-46A6-A861-6723E80B5A7F}.Release|x86.Build.0 = Release|Win32
		{961F2588-2873-4988-8DC2-9C6BC0544894}.Debug|Any CPU.ActiveCfg = Debug|x64
		{961F2588-2873-4988-8DC2-9C6BC0544894}.Debug|Any CPU.Build.0 = Debug|x64
		{961F2588-2873-4988-8DC2-9C6BC0544894}.Debug|ARM.ActiveCfg = Debug|ARM
		{961F2588-2873-4988-8DC2-9C6BC0544894}.Debug|ARM.Build.0 = Debug|ARM
		{961F2588-2873-4988-8DC2-9C6BC0544894}.Debug|Mixed Platforms.ActiveCfg = Debug|Win32
		{961F2588-2873-4988-8DC2-9C6BC0544894}.Debug|Mixed Platforms.Build.0 = Debug|Win32
		{961F2588-2873-4988-8DC2-9C6BC0544894}.Debug|Win32.ActiveCfg = Debug|Win32
		{961F2588-2873-4988-8DC2-9C6BC0544894}.Debug|Win32.Build.0 = Debug|Win32
		{961F2588-2873-4988-8DC2-9C6BC0544894}.Debug|x64.ActiveCfg = Debug|x64
		{961F2588-2873-4988-8DC2-9C6BC0544894}.Debug|x64.Build.0 = Debug|x64
		{961F2588-2873-4988-8DC2-9C6BC0544894}.Debug|x86.ActiveCfg = Debug|Win32
		{961F2588-2873-4988-8DC2-9C6BC0544894}.Debug|x86.Build.0 = Debug|Win32
		{961F2588-2873-4988-8DC2-9C6BC0544894}.Release|Any CPU.ActiveCfg = Release|Win32
		{961F2588-2873-4988-8DC2-9C6BC0544894}.Release|ARM.ActiveCfg = Release|ARM
		{961F2588-2873-4988-8DC2-9C6BC0544894}.Release|ARM.Build.0 = Release|ARM
		{961F2588-2873-4988-8DC2-9C6BC0544894}.Release|Mixed Platforms.ActiveCfg = Release|Win32
		{961F2588-2873-4988-8DC2-9C6BC0544894}.Release|Mixed Platforms.Build.0 = Release|Win32
		{961F2588-2873-4988-8DC2-9C6BC0544894}.Release|Win32.ActiveCfg = Release|Win32
		{961F2588-2873-4988-8DC2-9C6BC0544894}.Release|Win32.Build.0 = Release|Win32
		{961F2588-2873-4988-8DC2-9C6BC0544894}.Release|x64.ActiveCfg = Release|x64
		{961F2588-2873-4988-8DC2-9C6BC0544894}.Release|x64.Build.0 = Release|x64
		{961F2588-2873-4988-8DC2-9C6BC0544894}.Release|x86.ActiveCfg = Release|Win32
		{961F2588-2873-4988-8DC2-9C6BC0544894}.Release|x86.Build.0 = Release|Win32
		{54324409-809D-441B-AF86-BC96E0093ED7}.Debug|Any CPU.ActiveCfg = Debug
		{54324409-809D-441B-AF86-BC96E0093ED7}.Debug|Any CPU.Build.0 = Debug
		{54324409-809D-441B-AF86-BC96E0093ED7}.Debug|ARM.ActiveCfg = Debug
		{54324409-809D-441B-AF86-BC96E0093ED7}.Debug|ARM.Build.0 = Debug
		{54324409-809D-441B-AF86-BC96E0093ED7}.Debug|Mixed Platforms.ActiveCfg = Debug
		{54324409-809D-441B-AF86-BC96E0093ED7}.Debug|Mixed Platforms.Build.0 = Debug
		{54324409-809D-441B-AF86-BC96E0093ED7}.Debug|Win32.ActiveCfg = Debug
		{54324409-809D-441B-AF86-BC96E0093ED7}.Debug|Win32.Build.0 = Debug
		{54324409-809D-441B-AF86-BC96E0093ED7}.Debug|x64.ActiveCfg = Debug
		{54324409-809D-441B-AF86-BC96E0093ED7}.Debug|x64.Build.0 = Debug
		{54324409-809D-441B-AF86-BC96E0093ED7}.Debug|x86.ActiveCfg = Debug
		{54324409-809D-441B-AF86-BC96E0093ED7}.Debug|x86.Build.0 = Debug
		{54324409-809D-441B-AF86-BC96E0093ED7}.Release|Any CPU.ActiveCfg = Release
		{54324409-809D-441B-AF86-BC96E0093ED7}.Release|Any CPU.Build.0 = Release
		{54324409-809D-441B-AF86-BC96E0093ED7}.Release|ARM.ActiveCfg = Release
		{54324409-809D-441B-AF86-BC96E0093ED7}.Release|ARM.Build.0 = Release
		{54324409-809D-441B-AF86-BC96E0093ED7}.Release|Mixed Platforms.ActiveCfg = Release
		{54324409-809D-441B-AF86-BC96E0093ED7}.Release|Mixed Platforms.Build.0 = Release
		{54324409-809D-441B-AF86-BC96E0093ED7}.Release|Win32.ActiveCfg = Release
		{54324409-809D-441B-AF86-BC96E0093ED7}.Release|Win32.Build.0 = Release
		{54324409-809D-441B-AF86-BC96E0093ED7}.Release|x64.ActiveCfg = Release
		{54324409-809D-441B-AF86-BC96E0093ED7}.Release|x64.Build.0 = Release
		{54324409-809D-441B-AF86-BC96E0093ED7}.Release|x86.ActiveCfg = Release
		{54324409-809D-441B-AF86-BC96E0093ED7}.Release|x86.Build.0 = Release
		{9D98428C-3189-4328-B422-00BD3EDD38B5}.Debug|Any CPU.ActiveCfg = Debug|Any CPU
		{9D98428C-3189-4328-B422-00BD3EDD38B5}.Debug|Any CPU.Build.0 = Debug|Any CPU
		{9D98428C-3189-4328-B422-00BD3EDD38B5}.Debug|ARM.ActiveCfg = Debug|Any CPU
		{9D98428C-3189-4328-B422-00BD3EDD38B5}.Debug|ARM.Build.0 = Debug|Any CPU
		{9D98428C-3189-4328-B422-00BD3EDD38B5}.Debug|Mixed Platforms.ActiveCfg = Debug|Any CPU
		{9D98428C-3189-4328-B422-00BD3EDD38B5}.Debug|Mixed Platforms.Build.0 = Debug|Any CPU
		{9D98428C-3189-4328-B422-00BD3EDD38B5}.Debug|Win32.ActiveCfg = Debug|Any CPU
		{9D98428C-3189-4328-B422-00BD3EDD38B5}.Debug|Win32.Build.0 = Debug|Any CPU
		{9D98428C-3189-4328-B422-00BD3EDD38B5}.Debug|x64.ActiveCfg = Debug|Any CPU
		{9D98428C-3189-4328-B422-00BD3EDD38B5}.Debug|x64.Build.0 = Debug|Any CPU
		{9D98428C-3189-4328-B422-00BD3EDD38B5}.Debug|x86.ActiveCfg = Debug|Any CPU
		{9D98428C-3189-4328-B422-00BD3EDD38B5}.Debug|x86.Build.0 = Debug|Any CPU
		{9D98428C-3189-4328-B422-00BD3EDD38B5}.Release|Any CPU.ActiveCfg = Release|Any CPU
		{9D98428C-3189-4328-B422-00BD3EDD38B5}.Release|Any CPU.Build.0 = Release|Any CPU
		{9D98428C-3189-4328-B422-00BD3EDD38B5}.Release|ARM.ActiveCfg = Release|Any CPU
		{9D98428C-3189-4328-B422-00BD3EDD38B5}.Release|ARM.Build.0 = Release|Any CPU
		{9D98428C-3189-4328-B422-00BD3EDD38B5}.Release|Mixed Platforms.ActiveCfg = Release|Any CPU
		{9D98428C-3189-4328-B422-00BD3EDD38B5}.Release|Mixed Platforms.Build.0 = Release|Any CPU
		{9D98428C-3189-4328-B422-00BD3EDD38B5}.Release|Win32.ActiveCfg = Release|Any CPU
		{9D98428C-3189-4328-B422-00BD3EDD38B5}.Release|Win32.Build.0 = Release|Any CPU
		{9D98428C-3189-4328-B422-00BD3EDD38B5}.Release|x64.ActiveCfg = Release|Any CPU
		{9D98428C-3189-4328-B422-00BD3EDD38B5}.Release|x64.Build.0 = Release|Any CPU
		{9D98428C-3189-4328-B422-00BD3EDD38B5}.Release|x86.ActiveCfg = Release|Any CPU
		{9D98428C-3189-4328-B422-00BD3EDD38B5}.Release|x86.Build.0 = Release|Any CPU
	EndGlobalSection
	GlobalSection(SolutionProperties) = preSolution
		HideSolutionNode = FALSE
	EndGlobalSection
	GlobalSection(ExtensibilityGlobals) = postSolution
		SolutionGuid = {CBF3E3D7-88B4-42E8-B92C-EAFA234C869D}
	EndGlobalSection
EndGlobal
