
Microsoft Visual Studio Solution File, Format Version 12.00
# Visual Studio Version 17
VisualStudioVersion = 17.2.32526.322
MinimumVisualStudioVersion = 10.0.40219.1
Project("{9A19103F-16F7-4668-BE54-9A1E7A4F7556}") = "AlbertWPF", "AlbertWPF.csproj", "{D1776D81-A5E1-47F0-B078-1AFC18E9B1E6}"
EndProject
Project("{FAE04EC0-301F-11D3-BF4B-00C04F79EFBC}") = "AlbertWPF_Calculate", "..\AlbertWPF_Calculate\AlbertWPF_Calculate.csproj", "{8CC071ED-A846-4F7D-AF93-7142875911A4}"
EndProject
Global
	GlobalSection(SolutionConfigurationPlatforms) = preSolution
		Debug|Any CPU = Debug|Any CPU
		Release|Any CPU = Release|Any CPU
	EndGlobalSection
	GlobalSection(ProjectConfigurationPlatforms) = postSolution
		{D1776D81-A5E1-47F0-B078-1AFC18E9B1E6}.Debug|Any CPU.ActiveCfg = Debug|Any CPU
		{D1776D81-A5E1-47F0-B078-1AFC18E9B1E6}.Debug|Any CPU.Build.0 = Debug|Any CPU
		{D1776D81-A5E1-47F0-B078-1AFC18E9B1E6}.Release|Any CPU.ActiveCfg = Release|Any CPU
		{D1776D81-A5E1-47F0-B078-1AFC18E9B1E6}.Release|Any CPU.Build.0 = Release|Any CPU
		{8CC071ED-A846-4F7D-AF93-7142875911A4}.Debug|Any CPU.ActiveCfg = Debug|Any CPU
		{8CC071ED-A846-4F7D-AF93-7142875911A4}.Debug|Any CPU.Build.0 = Debug|Any CPU
		{8CC071ED-A846-4F7D-AF93-7142875911A4}.Release|Any CPU.ActiveCfg = Release|Any CPU
		{8CC071ED-A846-4F7D-AF93-7142875911A4}.Release|Any CPU.Build.0 = Release|Any CPU
	EndGlobalSection
	GlobalSection(SolutionProperties) = preSolution
		HideSolutionNode = FALSE
	EndGlobalSection
	GlobalSection(ExtensibilityGlobals) = postSolution
		SolutionGuid = {702FF011-AA44-4902-9F55-725AE8791CB6}
	EndGlobalSection
EndGlobal
