
Microsoft Visual Studio Solution File, Format Version 12.00
# Visual Studio Version 17
VisualStudioVersion = 17.3.32825.248
MinimumVisualStudioVersion = 10.0.40219.1
Project("{FAE04EC0-301F-11D3-BF4B-00C04F79EFBC}") = "16.2 桌面应用开发思维转变", "16.2 桌面应用开发思维转变\16.2 桌面应用开发思维转变.csproj", "{D6709EC6-7510-47D7-B621-C24BD3F03BD3}"
EndProject
Global
	GlobalSection(SolutionConfigurationPlatforms) = preSolution
		Debug|Any CPU = Debug|Any CPU
		Release|Any CPU = Release|Any CPU
	EndGlobalSection
	GlobalSection(ProjectConfigurationPlatforms) = postSolution
		{D6709EC6-7510-47D7-B621-C24BD3F03BD3}.Debug|Any CPU.ActiveCfg = Debug|Any CPU
		{D6709EC6-7510-47D7-B621-C24BD3F03BD3}.Debug|Any CPU.Build.0 = Debug|Any CPU
		{D6709EC6-7510-47D7-B621-C24BD3F03BD3}.Release|Any CPU.ActiveCfg = Release|Any CPU
		{D6709EC6-7510-47D7-B621-C24BD3F03BD3}.Release|Any CPU.Build.0 = Release|Any CPU
	EndGlobalSection
	GlobalSection(SolutionProperties) = preSolution
		HideSolutionNode = FALSE
	EndGlobalSection
	GlobalSection(ExtensibilityGlobals) = postSolution
		SolutionGuid = {C27BF14D-E22A-4402-8D71-5E283FBB987C}
	EndGlobalSection
EndGlobal
